{
  "version": 4,
  "terraform_version": "1.1.7",
  "serial": 1514,
  "lineage": "33cd1fbd-6545-3d9c-efd9-97a55216f417",
  "outputs": {},
  "resources": [
    {
      "module": "module.cloudsql-rr",
      "mode": "managed",
      "type": "google_sql_database_instance",
      "name": "new_instance_sql_master",
      "provider": "provider[\"registry.terraform.io/hashicorp/google\"]",
      "instances": [
        {
          "schema_version": 0,
          "attributes": {
            "clone": [],
            "connection_name": "vm-test-341412:asia-northeast3:db-ha-test9-dev-asia-northeast3-master",
            "database_version": "MYSQL_5_7",
            "deletion_protection": true,
            "first_ip_address": "10.205.128.3",
            "id": "db-ha-test9-dev-asia-northeast3-master",
            "ip_address": [
              {
                "ip_address": "10.205.128.3",
                "time_to_retire": "",
                "type": "PRIVATE"
              }
            ],
            "master_instance_name": "",
            "name": "db-ha-test9-dev-asia-northeast3-master",
            "private_ip_address": "10.205.128.3",
            "project": "vm-test-341412",
            "public_ip_address": "",
            "region": "asia-northeast3",
            "replica_configuration": [],
            "restore_backup_context": [],
            "root_password": null,
            "self_link": "https://sqladmin.googleapis.com/sql/v1beta4/projects/vm-test-341412/instances/db-ha-test9-dev-asia-northeast3-master",
            "server_ca_cert": [
              {
                "cert": "-----BEGIN CERTIFICATE-----\nMIIDfzCCAmegAwIBAgIBADANBgkqhkiG9w0BAQsFADB3MS0wKwYDVQQuEyQyOTVj\nZDAwMS01ODRmLTQ1YWEtOTZiNS05ZGI0Zjk1YWY2YzgxIzAhBgNVBAMTGkdvb2ds\nZSBDbG91ZCBTUUwgU2VydmVyIENBMRQwEgYDVQQKEwtHb29nbGUsIEluYzELMAkG\nA1UEBhMCVVMwHhcNMjIwMzE0MDM1MDI4WhcNMzIwMzExMDM1MTI4WjB3MS0wKwYD\nVQQuEyQyOTVjZDAwMS01ODRmLTQ1YWEtOTZiNS05ZGI0Zjk1YWY2YzgxIzAhBgNV\nBAMTGkdvb2dsZSBDbG91ZCBTUUwgU2VydmVyIENBMRQwEgYDVQQKEwtHb29nbGUs\nIEluYzELMAkGA1UEBhMCVVMwggEiMA0GCSqGSIb3DQEBAQUAA4IBDwAwggEKAoIB\nAQCSNtKV+DTjMdwUYZwNdYGjPZ7oNja01z7mb46StUZunvfkNe46ubEA6btyR8Z6\nSw37W2C1ObtJY1WeVaxcieA0blg5vfJJFyyTXngdPjyFVUZtG2nTCTe00YFeqPMp\nMhA6bTVSPH+fgzJLLLIhTcQC56TZr9arlR/QJEfClhCCZrbMM1jmStqFsPFv0v77\najTgv3j9IeSDP/7hrG7Em3JsdftBRaPHIbYrUWkQjJrqh2JqqrOYfeecoBYJpHWu\neqFX4bljBRUTKA6NoX6kRipuahVYtpKKm3ULLrULdkPPMoIVdRgoLllxEeLExQtU\nRpJwo3ZsRhb61a6An8ZkGLltAgMBAAGjFjAUMBIGA1UdEwEB/wQIMAYBAf8CAQAw\nDQYJKoZIhvcNAQELBQADggEBAJIc1atkCbZUQ9DKfL+USP3xnOqtKnktT11Ri+M+\n4fiZGtpWrDddKrjw3m5D2LN2Vh6ZV8Fx49H5fIO4rj5qiX1M5mD3GCC59SDjvabN\nAD67riXkBLboiGEa1FlZsD82128Ug9fDs/I6hAHvwbJJ/93REXDL8j046TwornYf\ni10wWdvJbuFbFXDEA7dOfIBtlnF47/eBBl7KJQiKO6G0tTRJJQbngx3OEB+9xgYU\nkKZTXjmQ7TafT6iMXyCVBysXZ9K0QE1g6zNf8fA8qJvmeg4oN99tiIuQ3aPSMz22\nTGLmeDdPOiNqrJR1bh/CljUZGhiI7aalYS77Nj+6cfd3VYY=\n-----END CERTIFICATE-----",
                "common_name": "C=US,O=Google\\, Inc,CN=Google Cloud SQL Server CA,dnQualifier=295cd001-584f-45aa-96b5-9db4f95af6c8",
                "create_time": "2022-03-14T03:50:28.668Z",
                "expiration_time": "2032-03-11T03:51:28.668Z",
                "sha1_fingerprint": "03f93f692d0e1c8495559777f1c4fdd916abd0a6"
              }
            ],
            "service_account_email_address": "p907297271730-lwbkad@gcp-sa-cloud-sql.iam.gserviceaccount.com",
            "settings": [
              {
                "activation_policy": "ALWAYS",
                "availability_type": "ZONAL",
                "backup_configuration": [
                  {
                    "backup_retention_settings": [
                      {
                        "retained_backups": 7,
                        "retention_unit": "COUNT"
                      }
                    ],
                    "binary_log_enabled": true,
                    "enabled": true,
                    "location": "",
                    "point_in_time_recovery_enabled": false,
                    "start_time": "02:30",
                    "transaction_log_retention_days": 7
                  }
                ],
                "collation": "",
                "database_flags": [],
                "disk_autoresize": true,
                "disk_autoresize_limit": 0,
                "disk_size": 10,
                "disk_type": "PD_SSD",
                "insights_config": [],
                "ip_configuration": [
                  {
                    "allocated_ip_range": "",
                    "authorized_networks": [],
                    "ipv4_enabled": false,
                    "private_network": "projects/vm-test-341412/global/networks/network",
                    "require_ssl": false
                  }
                ],
                "location_preference": [
                  {
                    "follow_gae_application": "",
                    "zone": "asia-northeast3-a"
                  }
                ],
                "maintenance_window": [
                  {
                    "day": 1,
                    "hour": 2,
                    "update_track": "stable"
                  }
                ],
                "pricing_plan": "PER_USE",
                "tier": "db-f1-micro",
                "user_labels": {},
                "version": 8
              }
            ],
            "timeouts": null
          },
          "sensitive_attributes": [],
          "private": "eyJlMmJmYjczMC1lY2FhLTExZTYtOGY4OC0zNDM2M2JjN2M0YzAiOnsiY3JlYXRlIjoxODAwMDAwMDAwMDAwLCJkZWxldGUiOjE4MDAwMDAwMDAwMDAsInVwZGF0ZSI6MTgwMDAwMDAwMDAwMH19"
        }
      ]
    },
    {
      "module": "module.cloudsql-rr",
      "mode": "managed",
      "type": "google_sql_database_instance",
      "name": "new_instance_sql_replica",
      "provider": "provider[\"registry.terraform.io/hashicorp/google\"]",
      "instances": [
        {
          "schema_version": 0,
          "attributes": {
            "clone": [],
            "connection_name": "vm-test-341412:asia-northeast3:db-ha-test9-dev-asia-northeast3-replica",
            "database_version": "MYSQL_5_7",
            "deletion_protection": true,
            "first_ip_address": "10.205.128.5",
            "id": "db-ha-test9-dev-asia-northeast3-replica",
            "ip_address": [
              {
                "ip_address": "10.205.128.5",
                "time_to_retire": "",
                "type": "PRIVATE"
              }
            ],
            "master_instance_name": "db-ha-test9-dev-asia-northeast3-master",
            "name": "db-ha-test9-dev-asia-northeast3-replica",
            "private_ip_address": "10.205.128.5",
            "project": "vm-test-341412",
            "public_ip_address": "",
            "region": "asia-northeast3",
            "replica_configuration": [
              {
                "ca_certificate": "",
                "client_certificate": "",
                "client_key": "",
                "connect_retry_interval": 0,
                "dump_file_path": "",
                "failover_target": true,
                "master_heartbeat_period": 0,
                "password": "",
                "ssl_cipher": "",
                "username": "",
                "verify_server_certificate": false
              }
            ],
            "restore_backup_context": [],
            "root_password": null,
            "self_link": "https://sqladmin.googleapis.com/sql/v1beta4/projects/vm-test-341412/instances/db-ha-test9-dev-asia-northeast3-replica",
            "server_ca_cert": [
              {
                "cert": "-----BEGIN CERTIFICATE-----\nMIIDfzCCAmegAwIBAgIBADANBgkqhkiG9w0BAQsFADB3MS0wKwYDVQQuEyQ2ZDZi\nZWUwNS0yMmI4LTQyMzMtYmZkMC1kNDIyMmY4YWIzY2UxIzAhBgNVBAMTGkdvb2ds\nZSBDbG91ZCBTUUwgU2VydmVyIENBMRQwEgYDVQQKEwtHb29nbGUsIEluYzELMAkG\nA1UEBhMCVVMwHhcNMjIwMzE0MDQwMjA0WhcNMzIwMzExMDQwMzA0WjB3MS0wKwYD\nVQQuEyQ2ZDZiZWUwNS0yMmI4LTQyMzMtYmZkMC1kNDIyMmY4YWIzY2UxIzAhBgNV\nBAMTGkdvb2dsZSBDbG91ZCBTUUwgU2VydmVyIENBMRQwEgYDVQQKEwtHb29nbGUs\nIEluYzELMAkGA1UEBhMCVVMwggEiMA0GCSqGSIb3DQEBAQUAA4IBDwAwggEKAoIB\nAQCrW1W/uSiZp7RndpwQPeen/MGCONwB2eYUnUDZwwWaFlTIiqKivjaER98Kiy/U\nYi7AByyLmwEq+WZeB610kE85Nucw0RlVuIpiQaQ3bAvwl2XmH2ZDyVNGS4h5BxoL\nJlxdmnqsF7bE57xdALv/w+tofu8wissgAU6LzLi8YF7jVMLJoWu4cmOGBBTYSR0m\nKHx/ntN/NuFE6eDx+K6lbPqdbECrA8PxIW53S7dxZXtSe6TQRMSHOhLSIhBFH2RD\nlggChUfp7ryBr+H76iTGq1pK/tNczvdUNgrGDLgMr/0K6EvyIIwq64ipq/vX3Qcc\nRZTPf249/SUCjhBjYnog6cktAgMBAAGjFjAUMBIGA1UdEwEB/wQIMAYBAf8CAQAw\nDQYJKoZIhvcNAQELBQADggEBABZ1oYnYiDa9lMl/RLhnjCeoKa3xAIc0BG9A0uaB\nBD0slFkbnZp5jurI9qvNb8YWTnGMCAWzYX8oBDxzTo3exZ4u4vllDAQJ9joUjNhh\nWfCEi7N5iQlnrnx1Lkku2P38VXXsqkkYKAkFH/OdCLa8nKPmAAwO1RPlUarKKlcP\n7c/Zq+3i+eZip1op3FvY/+5Niv8s5UAr//fuIYejEw8YZ3uT3FIaOrLsQTKh96SY\n+jZVlISuvHZvbqNUnVhw+Zt2PvAkNzMdgmBLNt1vvCXHS5MhGiqswXM6lIm0Dlbt\nsjzOjvyoncKRYAcrKI7itBr94CjjX25ONLxSY/912dBv1aM=\n-----END CERTIFICATE-----",
                "common_name": "C=US,O=Google\\, Inc,CN=Google Cloud SQL Server CA,dnQualifier=6d6bee05-22b8-4233-bfd0-d4222f8ab3ce",
                "create_time": "2022-03-14T04:02:04.813Z",
                "expiration_time": "2032-03-11T04:03:04.813Z",
                "sha1_fingerprint": "23823eec7f794425d82233efeeeb99896504ec56"
              }
            ],
            "service_account_email_address": "p907297271730-lwbkad@gcp-sa-cloud-sql.iam.gserviceaccount.com",
            "settings": [
              {
                "activation_policy": "ALWAYS",
                "availability_type": "ZONAL",
                "backup_configuration": [
                  {
                    "backup_retention_settings": [
                      {
                        "retained_backups": 7,
                        "retention_unit": "COUNT"
                      }
                    ],
                    "binary_log_enabled": false,
                    "enabled": false,
                    "location": "",
                    "point_in_time_recovery_enabled": false,
                    "start_time": "08:00",
                    "transaction_log_retention_days": 7
                  }
                ],
                "collation": "",
                "database_flags": [],
                "disk_autoresize": true,
                "disk_autoresize_limit": 0,
                "disk_size": 10,
                "disk_type": "PD_SSD",
                "insights_config": [],
                "ip_configuration": [
                  {
                    "allocated_ip_range": "",
                    "authorized_networks": [],
                    "ipv4_enabled": false,
                    "private_network": "projects/vm-test-341412/global/networks/network",
                    "require_ssl": false
                  }
                ],
                "location_preference": [
                  {
                    "follow_gae_application": "",
                    "zone": "asia-northeast3-b"
                  }
                ],
                "maintenance_window": [],
                "pricing_plan": "PER_USE",
                "tier": "db-f1-micro",
                "user_labels": {},
                "version": 5
              }
            ],
            "timeouts": null
          },
          "sensitive_attributes": [],
          "private": "eyJlMmJmYjczMC1lY2FhLTExZTYtOGY4OC0zNDM2M2JjN2M0YzAiOnsiY3JlYXRlIjoxODAwMDAwMDAwMDAwLCJkZWxldGUiOjE4MDAwMDAwMDAwMDAsInVwZGF0ZSI6MTgwMDAwMDAwMDAwMH19",
          "dependencies": [
            "module.cloudsql-rr.google_sql_database_instance.new_instance_sql_master"
          ]
        }
      ]
    },
    {
      "module": "module.firewall_rule_ssh_all",
      "mode": "managed",
      "type": "google_compute_firewall",
      "name": "this",
      "provider": "provider[\"registry.terraform.io/hashicorp/google\"]",
      "instances": [
        {
          "schema_version": 1,
          "attributes": {
            "allow": [
              {
                "ports": [],
                "protocol": "tcp"
              }
            ],
            "creation_timestamp": "2022-03-13T22:24:36.444-07:00",
            "deny": [],
            "description": "",
            "destination_ranges": [],
            "direction": "INGRESS",
            "disabled": false,
            "enable_logging": null,
            "id": "projects/vm-test-341412/global/firewalls/ssh-instances",
            "log_config": [],
            "name": "ssh-instances",
            "network": "https://www.googleapis.com/compute/v1/projects/vm-test-341412/global/networks/network",
            "priority": 1000,
            "project": "vm-test-341412",
            "self_link": "https://www.googleapis.com/compute/v1/projects/vm-test-341412/global/firewalls/ssh-instances",
            "source_ranges": [
              "0.0.0.0/0"
            ],
            "source_service_accounts": [],
            "source_tags": [],
            "target_service_accounts": [],
            "target_tags": [],
            "timeouts": null
          },
          "sensitive_attributes": [],
          "private": "eyJlMmJmYjczMC1lY2FhLTExZTYtOGY4OC0zNDM2M2JjN2M0YzAiOnsiY3JlYXRlIjoxMjAwMDAwMDAwMDAwLCJkZWxldGUiOjEyMDAwMDAwMDAwMDAsInVwZGF0ZSI6MTIwMDAwMDAwMDAwMH0sInNjaGVtYV92ZXJzaW9uIjoiMSJ9",
          "dependencies": [
            "module.network.google_compute_network.network"
          ]
        }
      ]
    },
    {
      "module": "module.instance-groups",
      "mode": "managed",
      "type": "google_compute_region_instance_group_manager",
      "name": "this",
      "provider": "provider[\"registry.terraform.io/hashicorp/google\"]",
      "instances": [
        {
          "schema_version": 0,
          "attributes": {
            "auto_healing_policies": [],
            "base_instance_name": "saas",
            "description": "",
            "distribution_policy_target_shape": "EVEN",
            "distribution_policy_zones": [
              "asia-northeast3-a",
              "asia-northeast3-b"
            ],
            "fingerprint": "Sc7QFKw9ukU=",
            "id": "projects/vm-test-341412/regions/asia-northeast3/instanceGroupManagers/saas-instance-group",
            "instance_group": "https://www.googleapis.com/compute/v1/projects/vm-test-341412/regions/asia-northeast3/instanceGroups/saas-instance-group",
            "name": "saas-instance-group",
            "named_port": [],
            "project": "vm-test-341412",
            "region": "asia-northeast3",
            "self_link": "https://www.googleapis.com/compute/v1/projects/vm-test-341412/regions/asia-northeast3/instanceGroupManagers/saas-instance-group",
            "stateful_disk": [],
            "status": [
              {
                "is_stable": true,
                "stateful": [
                  {
                    "has_stateful_config": false,
                    "per_instance_configs": [
                      {
                        "all_effective": true
                      }
                    ]
                  }
                ],
                "version_target": [
                  {
                    "is_reached": true
                  }
                ]
              }
            ],
            "target_pools": [],
            "target_size": 2,
            "timeouts": null,
            "update_policy": [
              {
                "instance_redistribution_type": "PROACTIVE",
                "max_surge_fixed": 2,
                "max_surge_percent": 0,
                "max_unavailable_fixed": 2,
                "max_unavailable_percent": 0,
                "minimal_action": "REPLACE",
                "replacement_method": "SUBSTITUTE",
                "type": "OPPORTUNISTIC"
              }
            ],
            "version": [
              {
                "instance_template": "https://www.googleapis.com/compute/v1/projects/vm-test-341412/global/instanceTemplates/saas-instance-template20220314034613236100000001",
                "name": "",
                "target_size": []
              }
            ],
            "wait_for_instances": false,
            "wait_for_instances_status": "STABLE"
          },
          "sensitive_attributes": [],
          "private": "eyJlMmJmYjczMC1lY2FhLTExZTYtOGY4OC0zNDM2M2JjN2M0YzAiOnsiY3JlYXRlIjo5MDAwMDAwMDAwMDAsImRlbGV0ZSI6OTAwMDAwMDAwMDAwLCJ1cGRhdGUiOjkwMDAwMDAwMDAwMH19",
          "dependencies": [
            "module.instance-templates.google_compute_instance_template.this",
            "module.network.google_compute_network.network",
            "module.private_subnet.google_compute_subnetwork.subnetwork",
            "module.router-nat.google_compute_router_nat.this",
            "module.router.google_compute_router.this"
          ]
        }
      ]
    },
    {
      "module": "module.instance-templates",
      "mode": "managed",
      "type": "google_compute_instance_template",
      "name": "this",
      "provider": "provider[\"registry.terraform.io/hashicorp/google\"]",
      "instances": [
        {
          "schema_version": 1,
          "attributes": {
            "advanced_machine_features": [],
            "can_ip_forward": false,
            "confidential_instance_config": [],
            "description": "Utilizado para criar saas-instance-template",
            "disk": [
              {
                "auto_delete": true,
                "boot": true,
                "device_name": "persistent-disk-0",
                "disk_encryption_key": [],
                "disk_name": "",
                "disk_size_gb": 0,
                "disk_type": "pd-standard",
                "interface": "SCSI",
                "labels": {},
                "mode": "READ_WRITE",
                "resource_policies": [],
                "source": "",
                "source_image": "projects/ubuntu-os-cloud/global/images/ubuntu-1804-bionic-v20200317",
                "type": "PERSISTENT"
              }
            ],
            "guest_accelerator": [],
            "id": "projects/vm-test-341412/global/instanceTemplates/saas-instance-template20220314034613236100000001",
            "instance_description": "Final Project",
            "labels": {
              "environment": "default"
            },
            "machine_type": "f1-micro",
            "metadata": {},
            "metadata_fingerprint": "46ze2kjef3I=",
            "metadata_startup_script": "#/usr/bin/env bash\nZONE=$(curl http://metadata.google.internal/computeMetadata/v1/instance/zone -H \"Metadata-Flavor: Google\")\n\nsudo apt-get update\nsudo apt-get install nginx -y\n\nsudo cat \u003c\u003cEOF \u003e /var/www/html/index.html\n\u003chtml\u003e\u003cbody\u003e\u003ch1\u003eHello from \u003cb style=\"color:blue\"\u003eWEB TIER ${ZONE}\u003c/b\u003e\u003c/h1\u003e\u003c/body\u003e\u003c/html\u003e\nEOF",
            "min_cpu_platform": "",
            "name": "saas-instance-template20220314034613236100000001",
            "name_prefix": "saas-instance-template",
            "network_interface": [
              {
                "access_config": [],
                "alias_ip_range": [],
                "ipv6_access_config": [],
                "ipv6_access_type": "",
                "name": "nic0",
                "network": "https://www.googleapis.com/compute/v1/projects/vm-test-341412/global/networks/network",
                "network_ip": "",
                "nic_type": "",
                "queue_count": 0,
                "stack_type": "",
                "subnetwork": "https://www.googleapis.com/compute/v1/projects/vm-test-341412/regions/asia-northeast3/subnetworks/private-subnetwork",
                "subnetwork_project": "vm-test-341412"
              }
            ],
            "project": "vm-test-341412",
            "region": "asia-northeast3",
            "reservation_affinity": [],
            "scheduling": [
              {
                "automatic_restart": true,
                "min_node_cpus": 0,
                "node_affinities": [],
                "on_host_maintenance": "MIGRATE",
                "preemptible": false
              }
            ],
            "self_link": "https://www.googleapis.com/compute/v1/projects/vm-test-341412/global/instanceTemplates/saas-instance-template20220314034613236100000001",
            "service_account": [],
            "shielded_instance_config": [],
            "tags": [
              "allow-saas-instance",
              "http-server"
            ],
            "tags_fingerprint": "",
            "timeouts": null
          },
          "sensitive_attributes": [],
          "private": "eyJlMmJmYjczMC1lY2FhLTExZTYtOGY4OC0zNDM2M2JjN2M0YzAiOnsiY3JlYXRlIjoyNDAwMDAwMDAwMDAsImRlbGV0ZSI6MjQwMDAwMDAwMDAwfSwic2NoZW1hX3ZlcnNpb24iOiIxIn0=",
          "dependencies": [
            "module.network.google_compute_network.network",
            "module.private_subnet.google_compute_subnetwork.subnetwork"
          ],
          "create_before_destroy": true
        }
      ]
    },
    {
      "module": "module.load-balancer-backend",
      "mode": "managed",
      "type": "google_compute_backend_service",
      "name": "this",
      "provider": "provider[\"registry.terraform.io/hashicorp/google\"]",
      "instances": [
        {
          "schema_version": 1,
          "attributes": {
            "affinity_cookie_ttl_sec": 0,
            "backend": [
              {
                "balancing_mode": "RATE",
                "capacity_scaler": 1,
                "description": "",
                "group": "https://www.googleapis.com/compute/v1/projects/vm-test-341412/regions/asia-northeast3/instanceGroups/saas-instance-group",
                "max_connections": 0,
                "max_connections_per_endpoint": 0,
                "max_connections_per_instance": 0,
                "max_rate": 0,
                "max_rate_per_endpoint": 0,
                "max_rate_per_instance": 1,
                "max_utilization": 0
              }
            ],
            "cdn_policy": [],
            "circuit_breakers": [],
            "connection_draining_timeout_sec": 300,
            "consistent_hash": [],
            "creation_timestamp": "2022-03-13T20:47:31.795-07:00",
            "custom_request_headers": [],
            "custom_response_headers": [],
            "description": "",
            "enable_cdn": false,
            "fingerprint": "vM4i71UA-dY=",
            "health_checks": [
              "https://www.googleapis.com/compute/v1/projects/vm-test-341412/global/httpHealthChecks/hc-asia-northeast3"
            ],
            "iap": [],
            "id": "projects/vm-test-341412/global/backendServices/vm-test-341412",
            "load_balancing_scheme": "EXTERNAL",
            "locality_lb_policy": "",
            "log_config": [],
            "name": "vm-test-341412",
            "outlier_detection": [],
            "port_name": "http",
            "project": "vm-test-341412",
            "protocol": "HTTP",
            "security_policy": "",
            "security_settings": [],
            "self_link": "https://www.googleapis.com/compute/v1/projects/vm-test-341412/global/backendServices/vm-test-341412",
            "session_affinity": "NONE",
            "timeout_sec": 10,
            "timeouts": null
          },
          "sensitive_attributes": [],
          "private": "eyJlMmJmYjczMC1lY2FhLTExZTYtOGY4OC0zNDM2M2JjN2M0YzAiOnsiY3JlYXRlIjoxMjAwMDAwMDAwMDAwLCJkZWxldGUiOjEyMDAwMDAwMDAwMDAsInVwZGF0ZSI6MTIwMDAwMDAwMDAwMH0sInNjaGVtYV92ZXJzaW9uIjoiMSJ9",
          "dependencies": [
            "module.instance-groups.google_compute_region_instance_group_manager.this",
            "module.instance-templates.google_compute_instance_template.this",
            "module.load-balancer-health-check.google_compute_http_health_check.this",
            "module.network.google_compute_network.network",
            "module.private_subnet.google_compute_subnetwork.subnetwork",
            "module.router-nat.google_compute_router_nat.this",
            "module.router.google_compute_router.this"
          ]
        }
      ]
    },
    {
      "module": "module.load-balancer-external",
      "mode": "managed",
      "type": "google_compute_url_map",
      "name": "this",
      "provider": "provider[\"registry.terraform.io/hashicorp/google\"]",
      "instances": [
        {
          "schema_version": 0,
          "attributes": {
            "creation_timestamp": "2022-03-13T20:47:53.734-07:00",
            "default_route_action": [],
            "default_service": "https://www.googleapis.com/compute/v1/projects/vm-test-341412/global/backendServices/vm-test-341412",
            "default_url_redirect": [],
            "description": "vm-test-341412 Load Balancer",
            "fingerprint": "w8f8bzUYSjM=",
            "header_action": [],
            "host_rule": [
              {
                "description": "",
                "hosts": [
                  "*"
                ],
                "path_matcher": "allpaths"
              }
            ],
            "id": "projects/vm-test-341412/global/urlMaps/vm-test-341412",
            "map_id": 3031961698245477382,
            "name": "vm-test-341412",
            "path_matcher": [
              {
                "default_route_action": [],
                "default_service": "https://www.googleapis.com/compute/v1/projects/vm-test-341412/global/backendServices/vm-test-341412",
                "default_url_redirect": [],
                "description": "",
                "header_action": [],
                "name": "allpaths",
                "path_rule": [
                  {
                    "paths": [
                      "/*"
                    ],
                    "route_action": [],
                    "service": "https://www.googleapis.com/compute/v1/projects/vm-test-341412/global/backendServices/vm-test-341412",
                    "url_redirect": []
                  }
                ],
                "route_rules": []
              }
            ],
            "project": "vm-test-341412",
            "self_link": "https://www.googleapis.com/compute/v1/projects/vm-test-341412/global/urlMaps/vm-test-341412",
            "test": [],
            "timeouts": null
          },
          "sensitive_attributes": [],
          "private": "eyJlMmJmYjczMC1lY2FhLTExZTYtOGY4OC0zNDM2M2JjN2M0YzAiOnsiY3JlYXRlIjoxMjAwMDAwMDAwMDAwLCJkZWxldGUiOjEyMDAwMDAwMDAwMDAsInVwZGF0ZSI6MTIwMDAwMDAwMDAwMH19",
          "dependencies": [
            "module.instance-groups.google_compute_region_instance_group_manager.this",
            "module.instance-templates.google_compute_instance_template.this",
            "module.load-balancer-backend.google_compute_backend_service.this",
            "module.load-balancer-health-check.google_compute_http_health_check.this",
            "module.network.google_compute_network.network",
            "module.private_subnet.google_compute_subnetwork.subnetwork",
            "module.router-nat.google_compute_router_nat.this",
            "module.router.google_compute_router.this"
          ]
        }
      ]
    },
    {
      "module": "module.load-balancer-frontend",
      "mode": "managed",
      "type": "google_compute_global_forwarding_rule",
      "name": "this",
      "provider": "provider[\"registry.terraform.io/hashicorp/google\"]",
      "instances": [
        {
          "schema_version": 0,
          "attributes": {
            "description": "",
            "id": "projects/vm-test-341412/global/forwardingRules/vm-test-341412",
            "ip_address": "34.149.9.204",
            "ip_protocol": "TCP",
            "ip_version": "",
            "label_fingerprint": "42WmSpB8rSM=",
            "labels": {},
            "load_balancing_scheme": "EXTERNAL",
            "metadata_filters": [],
            "name": "vm-test-341412",
            "network": "",
            "port_range": "80",
            "project": "vm-test-341412",
            "self_link": "https://www.googleapis.com/compute/v1/projects/vm-test-341412/global/forwardingRules/vm-test-341412",
            "target": "https://www.googleapis.com/compute/v1/projects/vm-test-341412/global/targetHttpProxies/vm-test-341412",
            "timeouts": null
          },
          "sensitive_attributes": [],
          "private": "eyJlMmJmYjczMC1lY2FhLTExZTYtOGY4OC0zNDM2M2JjN2M0YzAiOnsiY3JlYXRlIjoxMjAwMDAwMDAwMDAwLCJkZWxldGUiOjEyMDAwMDAwMDAwMDAsInVwZGF0ZSI6MTIwMDAwMDAwMDAwMH19",
          "dependencies": [
            "module.instance-groups.google_compute_region_instance_group_manager.this",
            "module.instance-templates.google_compute_instance_template.this",
            "module.load-balancer-backend.google_compute_backend_service.this",
            "module.load-balancer-external.google_compute_url_map.this",
            "module.load-balancer-health-check.google_compute_http_health_check.this",
            "module.load-balancer-target-http-proxy.google_compute_target_http_proxy.this",
            "module.network.google_compute_network.network",
            "module.private_subnet.google_compute_subnetwork.subnetwork",
            "module.router-nat.google_compute_router_nat.this",
            "module.router.google_compute_router.this"
          ]
        }
      ]
    },
    {
      "module": "module.load-balancer-health-check",
      "mode": "managed",
      "type": "google_compute_http_health_check",
      "name": "this",
      "provider": "provider[\"registry.terraform.io/hashicorp/google\"]",
      "instances": [
        {
          "schema_version": 0,
          "attributes": {
            "check_interval_sec": 1,
            "creation_timestamp": "2022-03-13T20:45:38.796-07:00",
            "description": "",
            "healthy_threshold": 2,
            "host": "",
            "id": "projects/vm-test-341412/global/httpHealthChecks/hc-asia-northeast3",
            "name": "hc-asia-northeast3",
            "port": 80,
            "project": "vm-test-341412",
            "request_path": "/",
            "self_link": "https://www.googleapis.com/compute/v1/projects/vm-test-341412/global/httpHealthChecks/hc-asia-northeast3",
            "timeout_sec": 1,
            "timeouts": null,
            "unhealthy_threshold": 2
          },
          "sensitive_attributes": [],
          "private": "eyJlMmJmYjczMC1lY2FhLTExZTYtOGY4OC0zNDM2M2JjN2M0YzAiOnsiY3JlYXRlIjoxMjAwMDAwMDAwMDAwLCJkZWxldGUiOjEyMDAwMDAwMDAwMDAsInVwZGF0ZSI6MTIwMDAwMDAwMDAwMH19"
        }
      ]
    },
    {
      "module": "module.load-balancer-target-http-proxy",
      "mode": "managed",
      "type": "google_compute_target_http_proxy",
      "name": "this",
      "provider": "provider[\"registry.terraform.io/hashicorp/google\"]",
      "instances": [
        {
          "schema_version": 0,
          "attributes": {
            "creation_timestamp": "2022-03-13T20:48:05.181-07:00",
            "description": "vm-test-341412 Load Balancer",
            "id": "projects/vm-test-341412/global/targetHttpProxies/vm-test-341412",
            "name": "vm-test-341412",
            "project": "vm-test-341412",
            "proxy_bind": false,
            "proxy_id": 137201865850029082,
            "self_link": "https://www.googleapis.com/compute/v1/projects/vm-test-341412/global/targetHttpProxies/vm-test-341412",
            "timeouts": null,
            "url_map": "https://www.googleapis.com/compute/v1/projects/vm-test-341412/global/urlMaps/vm-test-341412"
          },
          "sensitive_attributes": [],
          "private": "eyJlMmJmYjczMC1lY2FhLTExZTYtOGY4OC0zNDM2M2JjN2M0YzAiOnsiY3JlYXRlIjoxMjAwMDAwMDAwMDAwLCJkZWxldGUiOjEyMDAwMDAwMDAwMDAsInVwZGF0ZSI6MTIwMDAwMDAwMDAwMH19",
          "dependencies": [
            "module.instance-groups.google_compute_region_instance_group_manager.this",
            "module.instance-templates.google_compute_instance_template.this",
            "module.load-balancer-backend.google_compute_backend_service.this",
            "module.load-balancer-external.google_compute_url_map.this",
            "module.load-balancer-health-check.google_compute_http_health_check.this",
            "module.network.google_compute_network.network",
            "module.private_subnet.google_compute_subnetwork.subnetwork",
            "module.router-nat.google_compute_router_nat.this",
            "module.router.google_compute_router.this"
          ]
        }
      ]
    },
    {
      "module": "module.network",
      "mode": "managed",
      "type": "google_compute_network",
      "name": "network",
      "provider": "provider[\"registry.terraform.io/hashicorp/google\"]",
      "instances": [
        {
          "schema_version": 0,
          "attributes": {
            "auto_create_subnetworks": false,
            "delete_default_routes_on_create": false,
            "description": "",
            "gateway_ipv4": "",
            "id": "projects/vm-test-341412/global/networks/network",
            "mtu": 0,
            "name": "network",
            "project": "vm-test-341412",
            "routing_mode": "REGIONAL",
            "self_link": "https://www.googleapis.com/compute/v1/projects/vm-test-341412/global/networks/network",
            "timeouts": null
          },
          "sensitive_attributes": [],
          "private": "eyJlMmJmYjczMC1lY2FhLTExZTYtOGY4OC0zNDM2M2JjN2M0YzAiOnsiY3JlYXRlIjoxMjAwMDAwMDAwMDAwLCJkZWxldGUiOjEyMDAwMDAwMDAwMDAsInVwZGF0ZSI6MTIwMDAwMDAwMDAwMH19",
          "create_before_destroy": true
        }
      ]
    },
    {
      "module": "module.private_instance2",
      "mode": "managed",
      "type": "google_compute_instance",
      "name": "virtual-machine",
      "provider": "provider[\"registry.terraform.io/hashicorp/google\"]",
      "instances": [
        {
          "schema_version": 6,
          "attributes": {
            "advanced_machine_features": [],
            "allow_stopping_for_update": null,
            "attached_disk": [],
            "boot_disk": [
              {
                "auto_delete": true,
                "device_name": "persistent-disk-0",
                "disk_encryption_key_raw": "",
                "disk_encryption_key_sha256": "",
                "initialize_params": [
                  {
                    "image": "https://www.googleapis.com/compute/v1/projects/ubuntu-os-cloud/global/images/ubuntu-1804-bionic-v20200317",
                    "labels": {},
                    "size": 10,
                    "type": "pd-standard"
                  }
                ],
                "kms_key_self_link": "",
                "mode": "READ_WRITE",
                "source": "https://www.googleapis.com/compute/v1/projects/vm-test-341412/zones/asia-northeast3-a/disks/ncu-vm"
              }
            ],
            "can_ip_forward": false,
            "confidential_instance_config": [],
            "cpu_platform": "Intel Skylake",
            "current_status": "RUNNING",
            "deletion_protection": false,
            "description": "",
            "desired_status": null,
            "enable_display": false,
            "guest_accelerator": [],
            "hostname": "",
            "id": "projects/vm-test-341412/zones/asia-northeast3-a/instances/ncu-vm",
            "instance_id": "8290773952444433513",
            "label_fingerprint": "42WmSpB8rSM=",
            "labels": {},
            "machine_type": "f1-micro",
            "metadata": {
              "Name": "private_vm"
            },
            "metadata_fingerprint": "QOsRn_vQB94=",
            "metadata_startup_script": null,
            "min_cpu_platform": "",
            "name": "ncu-vm",
            "network_interface": [
              {
                "access_config": [],
                "alias_ip_range": [],
                "ipv6_access_config": [],
                "ipv6_access_type": "",
                "name": "nic0",
                "network": "https://www.googleapis.com/compute/v1/projects/vm-test-341412/global/networks/network",
                "network_ip": "10.10.20.3",
                "nic_type": "",
                "queue_count": 0,
                "stack_type": "IPV4_ONLY",
                "subnetwork": "https://www.googleapis.com/compute/v1/projects/vm-test-341412/regions/asia-northeast3/subnetworks/private-subnetwork",
                "subnetwork_project": "vm-test-341412"
              }
            ],
            "project": "vm-test-341412",
            "reservation_affinity": [],
            "resource_policies": [],
            "scheduling": [
              {
                "automatic_restart": true,
                "min_node_cpus": 0,
                "node_affinities": [],
                "on_host_maintenance": "MIGRATE",
                "preemptible": false
              }
            ],
            "scratch_disk": [],
            "self_link": "https://www.googleapis.com/compute/v1/projects/vm-test-341412/zones/asia-northeast3-a/instances/ncu-vm",
            "service_account": [],
            "shielded_instance_config": [
              {
                "enable_integrity_monitoring": true,
                "enable_secure_boot": false,
                "enable_vtpm": true
              }
            ],
            "tags": [
              "ncu-vm",
              "test"
            ],
            "tags_fingerprint": "BJ3F37LmtL0=",
            "timeouts": null,
            "zone": "asia-northeast3-a"
          },
          "sensitive_attributes": [],
          "private": "eyJlMmJmYjczMC1lY2FhLTExZTYtOGY4OC0zNDM2M2JjN2M0YzAiOnsiY3JlYXRlIjoxMjAwMDAwMDAwMDAwLCJkZWxldGUiOjEyMDAwMDAwMDAwMDAsInVwZGF0ZSI6MTIwMDAwMDAwMDAwMH0sInNjaGVtYV92ZXJzaW9uIjoiNiJ9",
          "dependencies": [
            "module.network.google_compute_network.network",
            "module.private_subnet.google_compute_subnetwork.subnetwork"
          ]
        }
      ]
    },
    {
      "module": "module.private_instance3",
      "mode": "managed",
      "type": "google_compute_instance",
      "name": "virtual-machine",
      "provider": "provider[\"registry.terraform.io/hashicorp/google\"]",
      "instances": [
        {
          "schema_version": 6,
          "attributes": {
            "advanced_machine_features": [],
            "allow_stopping_for_update": null,
            "attached_disk": [],
            "boot_disk": [
              {
                "auto_delete": true,
                "device_name": "persistent-disk-0",
                "disk_encryption_key_raw": "",
                "disk_encryption_key_sha256": "",
                "initialize_params": [
                  {
                    "image": "https://www.googleapis.com/compute/v1/projects/ubuntu-os-cloud/global/images/ubuntu-1804-bionic-v20200317",
                    "labels": {},
                    "size": 10,
                    "type": "pd-standard"
                  }
                ],
                "kms_key_self_link": "",
                "mode": "READ_WRITE",
                "source": "https://www.googleapis.com/compute/v1/projects/vm-test-341412/zones/asia-northeast3-a/disks/ncu-analysis-vm"
              }
            ],
            "can_ip_forward": false,
            "confidential_instance_config": [],
            "cpu_platform": "Intel Skylake",
            "current_status": "RUNNING",
            "deletion_protection": false,
            "description": "",
            "desired_status": null,
            "enable_display": false,
            "guest_accelerator": [],
            "hostname": "",
            "id": "projects/vm-test-341412/zones/asia-northeast3-a/instances/ncu-analysis-vm",
            "instance_id": "6701277951436194921",
            "label_fingerprint": "42WmSpB8rSM=",
            "labels": {},
            "machine_type": "f1-micro",
            "metadata": {
              "Name": "private_vm"
            },
            "metadata_fingerprint": "QOsRn_vQB94=",
            "metadata_startup_script": null,
            "min_cpu_platform": "",
            "name": "ncu-analysis-vm",
            "network_interface": [
              {
                "access_config": [],
                "alias_ip_range": [],
                "ipv6_access_config": [],
                "ipv6_access_type": "",
                "name": "nic0",
                "network": "https://www.googleapis.com/compute/v1/projects/vm-test-341412/global/networks/network",
                "network_ip": "10.10.20.2",
                "nic_type": "",
                "queue_count": 0,
                "stack_type": "IPV4_ONLY",
                "subnetwork": "https://www.googleapis.com/compute/v1/projects/vm-test-341412/regions/asia-northeast3/subnetworks/private-subnetwork",
                "subnetwork_project": "vm-test-341412"
              }
            ],
            "project": "vm-test-341412",
            "reservation_affinity": [],
            "resource_policies": [],
            "scheduling": [
              {
                "automatic_restart": true,
                "min_node_cpus": 0,
                "node_affinities": [],
                "on_host_maintenance": "MIGRATE",
                "preemptible": false
              }
            ],
            "scratch_disk": [],
            "self_link": "https://www.googleapis.com/compute/v1/projects/vm-test-341412/zones/asia-northeast3-a/instances/ncu-analysis-vm",
            "service_account": [],
            "shielded_instance_config": [
              {
                "enable_integrity_monitoring": true,
                "enable_secure_boot": false,
                "enable_vtpm": true
              }
            ],
            "tags": [
              "ncu-analysis-vm",
              "test"
            ],
            "tags_fingerprint": "lkMTQvkxYJk=",
            "timeouts": null,
            "zone": "asia-northeast3-a"
          },
          "sensitive_attributes": [],
          "private": "eyJlMmJmYjczMC1lY2FhLTExZTYtOGY4OC0zNDM2M2JjN2M0YzAiOnsiY3JlYXRlIjoxMjAwMDAwMDAwMDAwLCJkZWxldGUiOjEyMDAwMDAwMDAwMDAsInVwZGF0ZSI6MTIwMDAwMDAwMDAwMH0sInNjaGVtYV92ZXJzaW9uIjoiNiJ9",
          "dependencies": [
            "module.network.google_compute_network.network",
            "module.private_subnet.google_compute_subnetwork.subnetwork"
          ]
        }
      ]
    },
    {
      "module": "module.private_subnet",
      "mode": "managed",
      "type": "google_compute_subnetwork",
      "name": "subnetwork",
      "provider": "provider[\"registry.terraform.io/hashicorp/google\"]",
      "instances": [
        {
          "schema_version": 0,
          "attributes": {
            "creation_timestamp": "2022-03-13T20:45:50.972-07:00",
            "description": "",
            "external_ipv6_prefix": "",
            "fingerprint": null,
            "gateway_address": "10.10.20.1",
            "id": "projects/vm-test-341412/regions/asia-northeast3/subnetworks/private-subnetwork",
            "ip_cidr_range": "10.10.20.0/24",
            "ipv6_access_type": "",
            "ipv6_cidr_range": "",
            "log_config": [],
            "name": "private-subnetwork",
            "network": "https://www.googleapis.com/compute/v1/projects/vm-test-341412/global/networks/network",
            "private_ip_google_access": false,
            "private_ipv6_google_access": "DISABLE_GOOGLE_ACCESS",
            "project": "vm-test-341412",
            "purpose": "PRIVATE",
            "region": "asia-northeast3",
            "role": "",
            "secondary_ip_range": [],
            "self_link": "https://www.googleapis.com/compute/v1/projects/vm-test-341412/regions/asia-northeast3/subnetworks/private-subnetwork",
            "stack_type": "IPV4_ONLY",
            "timeouts": null
          },
          "sensitive_attributes": [],
          "private": "eyJlMmJmYjczMC1lY2FhLTExZTYtOGY4OC0zNDM2M2JjN2M0YzAiOnsiY3JlYXRlIjoxMjAwMDAwMDAwMDAwLCJkZWxldGUiOjEyMDAwMDAwMDAwMDAsInVwZGF0ZSI6MTIwMDAwMDAwMDAwMH19",
          "dependencies": [
            "module.network.google_compute_network.network"
          ],
          "create_before_destroy": true
        }
      ]
    },
    {
      "module": "module.router",
      "mode": "managed",
      "type": "google_compute_router",
      "name": "this",
      "provider": "provider[\"registry.terraform.io/hashicorp/google\"]",
      "instances": [
        {
          "schema_version": 0,
          "attributes": {
            "bgp": [
              {
                "advertise_mode": "DEFAULT",
                "advertised_groups": [],
                "advertised_ip_ranges": [],
                "asn": 64514
              }
            ],
            "creation_timestamp": "2022-03-13T20:46:13.297-07:00",
            "description": "",
            "encrypted_interconnect_router": false,
            "id": "projects/vm-test-341412/regions/asia-northeast3/routers/router-asia-northeast3",
            "name": "router-asia-northeast3",
            "network": "https://www.googleapis.com/compute/v1/projects/vm-test-341412/global/networks/network",
            "project": "vm-test-341412",
            "region": "asia-northeast3",
            "self_link": "https://www.googleapis.com/compute/v1/projects/vm-test-341412/regions/asia-northeast3/routers/router-asia-northeast3",
            "timeouts": null
          },
          "sensitive_attributes": [],
          "private": "eyJlMmJmYjczMC1lY2FhLTExZTYtOGY4OC0zNDM2M2JjN2M0YzAiOnsiY3JlYXRlIjoxMjAwMDAwMDAwMDAwLCJkZWxldGUiOjEyMDAwMDAwMDAwMDAsInVwZGF0ZSI6MTIwMDAwMDAwMDAwMH19",
          "dependencies": [
            "module.network.google_compute_network.network",
            "module.private_subnet.google_compute_subnetwork.subnetwork"
          ]
        }
      ]
    },
    {
      "module": "module.router-nat",
      "mode": "managed",
      "type": "google_compute_router_nat",
      "name": "this",
      "provider": "provider[\"registry.terraform.io/hashicorp/google\"]",
      "instances": [
        {
          "schema_version": 0,
          "attributes": {
            "drain_nat_ips": [],
            "enable_endpoint_independent_mapping": true,
            "icmp_idle_timeout_sec": 30,
            "id": "vm-test-341412/asia-northeast3/router-asia-northeast3/router-nat-asia-northeast3",
            "log_config": [
              {
                "enable": false,
                "filter": "ERRORS_ONLY"
              }
            ],
            "min_ports_per_vm": 0,
            "name": "router-nat-asia-northeast3",
            "nat_ip_allocate_option": "AUTO_ONLY",
            "nat_ips": [],
            "project": "vm-test-341412",
            "region": "asia-northeast3",
            "router": "router-asia-northeast3",
            "source_subnetwork_ip_ranges_to_nat": "ALL_SUBNETWORKS_ALL_IP_RANGES",
            "subnetwork": [],
            "tcp_established_idle_timeout_sec": 1200,
            "tcp_transitory_idle_timeout_sec": 30,
            "timeouts": null,
            "udp_idle_timeout_sec": 30
          },
          "sensitive_attributes": [],
          "private": "eyJlMmJmYjczMC1lY2FhLTExZTYtOGY4OC0zNDM2M2JjN2M0YzAiOnsiY3JlYXRlIjoxMjAwMDAwMDAwMDAwLCJkZWxldGUiOjEyMDAwMDAwMDAwMDAsInVwZGF0ZSI6MTIwMDAwMDAwMDAwMH19",
          "dependencies": [
            "module.network.google_compute_network.network",
            "module.private_subnet.google_compute_subnetwork.subnetwork",
            "module.router.google_compute_router.this"
          ]
        }
      ]
    }
  ]
}
